
Microsoft Visual Studio Solution File, Format Version 12.00
# Visual Studio 15
VisualStudioVersion = 15.0.27703.2035
MinimumVisualStudioVersion = 10.0.40219.1
Project("{FAE04EC0-301F-11D3-BF4B-00C04F79EFBC}") = "Criptografia", "Criptografia\Criptografia.csproj", "{827E3219-104A-45C4-8139-4FD55E68F8D5}"
EndProject
Global
	GlobalSection(SolutionConfigurationPlatforms) = preSolution
		Debug|Any CPU = Debug|Any CPU
		Release|Any CPU = Release|Any CPU
	EndGlobalSection
	GlobalSection(ProjectConfigurationPlatforms) = postSolution
		{827E3219-104A-45C4-8139-4FD55E68F8D5}.Debug|Any CPU.ActiveCfg = Debug|Any CPU
		{827E3219-104A-45C4-8139-4FD55E68F8D5}.Debug|Any CPU.Build.0 = Debug|Any CPU
		{827E3219-104A-45C4-8139-4FD55E68F8D5}.Release|Any CPU.ActiveCfg = Release|Any CPU
		{827E3219-104A-45C4-8139-4FD55E68F8D5}.Release|Any CPU.Build.0 = Release|Any CPU
	EndGlobalSection
	GlobalSection(SolutionProperties) = preSolution
		HideSolutionNode = FALSE
	EndGlobalSection
	GlobalSection(ExtensibilityGlobals) = postSolution
		SolutionGuid = {5DEBBF58-FE77-410E-8BEF-7FCAF2409AEE}
	EndGlobalSection
EndGlobal
